
Microsoft Visual Studio Solution File, Format Version 12.00
# Visual Studio Version 17
VisualStudioVersion = 17.8.34525.116
MinimumVisualStudioVersion = 10.0.40219.1
Project("{9A19103F-16F7-4668-BE54-9A1E7A4F7556}") = "MindboxVacancyTasks.Task1", "MindboxVacancyTasks.Task1\MindboxVacancyTasks.Task1.csproj", "{1227DCE9-E276-4DAD-A7D5-01B46AF07888}"
EndProject
Project("{9A19103F-16F7-4668-BE54-9A1E7A4F7556}") = "MindboxVacancyTasks.Task1.Tests", "MindboxVacancyTasks.Task1.Tests\MindboxVacancyTasks.Task1.Tests.csproj", "{B10E9639-4DEC-4E58-8101-59DB14D03D74}"
EndProject
Project("{9A19103F-16F7-4668-BE54-9A1E7A4F7556}") = "MindboxVacancyTasks.Task2", "MindboxVacancyTasks.Task2\MindboxVacancyTasks.Task2.csproj", "{181DFE04-1437-43EA-A540-C62D1A547B18}"
EndProject
Project("{9A19103F-16F7-4668-BE54-9A1E7A4F7556}") = "MindboxVacancyTasks.Task2.Tests", "MindboxVacancyTasks.Task2.Tests\MindboxVacancyTasks.Task2.Tests.csproj", "{54F2CA91-9590-4579-A807-4D1E14694E95}"
EndProject
Project("{2150E333-8FDC-42A3-9474-1A3956D46DE8}") = "Solution Items", "Solution Items", "{A11CA6CB-E823-482A-917F-AC2704606977}"
	ProjectSection(SolutionItems) = preProject
		README.md = README.md
	EndProjectSection
EndProject
Global
	GlobalSection(SolutionConfigurationPlatforms) = preSolution
		Debug|Any CPU = Debug|Any CPU
		Release|Any CPU = Release|Any CPU
	EndGlobalSection
	GlobalSection(ProjectConfigurationPlatforms) = postSolution
		{1227DCE9-E276-4DAD-A7D5-01B46AF07888}.Debug|Any CPU.ActiveCfg = Debug|Any CPU
		{1227DCE9-E276-4DAD-A7D5-01B46AF07888}.Debug|Any CPU.Build.0 = Debug|Any CPU
		{1227DCE9-E276-4DAD-A7D5-01B46AF07888}.Release|Any CPU.ActiveCfg = Release|Any CPU
		{1227DCE9-E276-4DAD-A7D5-01B46AF07888}.Release|Any CPU.Build.0 = Release|Any CPU
		{B10E9639-4DEC-4E58-8101-59DB14D03D74}.Debug|Any CPU.ActiveCfg = Debug|Any CPU
		{B10E9639-4DEC-4E58-8101-59DB14D03D74}.Debug|Any CPU.Build.0 = Debug|Any CPU
		{B10E9639-4DEC-4E58-8101-59DB14D03D74}.Release|Any CPU.ActiveCfg = Release|Any CPU
		{B10E9639-4DEC-4E58-8101-59DB14D03D74}.Release|Any CPU.Build.0 = Release|Any CPU
		{181DFE04-1437-43EA-A540-C62D1A547B18}.Debug|Any CPU.ActiveCfg = Debug|Any CPU
		{181DFE04-1437-43EA-A540-C62D1A547B18}.Debug|Any CPU.Build.0 = Debug|Any CPU
		{181DFE04-1437-43EA-A540-C62D1A547B18}.Release|Any CPU.ActiveCfg = Release|Any CPU
		{181DFE04-1437-43EA-A540-C62D1A547B18}.Release|Any CPU.Build.0 = Release|Any CPU
		{54F2CA91-9590-4579-A807-4D1E14694E95}.Debug|Any CPU.ActiveCfg = Debug|Any CPU
		{54F2CA91-9590-4579-A807-4D1E14694E95}.Debug|Any CPU.Build.0 = Debug|Any CPU
		{54F2CA91-9590-4579-A807-4D1E14694E95}.Release|Any CPU.ActiveCfg = Release|Any CPU
		{54F2CA91-9590-4579-A807-4D1E14694E95}.Release|Any CPU.Build.0 = Release|Any CPU
	EndGlobalSection
	GlobalSection(SolutionProperties) = preSolution
		HideSolutionNode = FALSE
	EndGlobalSection
	GlobalSection(ExtensibilityGlobals) = postSolution
		SolutionGuid = {91FB250F-B396-4E76-9451-C1311BD75FA8}
	EndGlobalSection
EndGlobal
