
Microsoft Visual Studio Solution File, Format Version 12.00
# Visual Studio Version 17
VisualStudioVersion = 17.8.34525.116
MinimumVisualStudioVersion = 10.0.40219.1
Project("{FAE04EC0-301F-11D3-BF4B-00C04F79EFBC}") = "MindboxVacancyTasks.Task1", "MindboxVacancyTasks.Task1\MindboxVacancyTasks.Task1.csproj", "{1227DCE9-E276-4DAD-A7D5-01B46AF07888}"
EndProject
Project("{FAE04EC0-301F-11D3-BF4B-00C04F79EFBC}") = "MindboxVacancyTasks.Task1.Tests", "MindboxVacancyTasks.Task1.Tests\MindboxVacancyTasks.Task1.Tests.csproj", "{B10E9639-4DEC-4E58-8101-59DB14D03D74}"
EndProject
Global
	GlobalSection(SolutionConfigurationPlatforms) = preSolution
		Debug|Any CPU = Debug|Any CPU
		Release|Any CPU = Release|Any CPU
	EndGlobalSection
	GlobalSection(ProjectConfigurationPlatforms) = postSolution
		{1227DCE9-E276-4DAD-A7D5-01B46AF07888}.Debug|Any CPU.ActiveCfg = Debug|Any CPU
		{1227DCE9-E276-4DAD-A7D5-01B46AF07888}.Debug|Any CPU.Build.0 = Debug|Any CPU
		{1227DCE9-E276-4DAD-A7D5-01B46AF07888}.Release|Any CPU.ActiveCfg = Release|Any CPU
		{1227DCE9-E276-4DAD-A7D5-01B46AF07888}.Release|Any CPU.Build.0 = Release|Any CPU
		{B10E9639-4DEC-4E58-8101-59DB14D03D74}.Debug|Any CPU.ActiveCfg = Debug|Any CPU
		{B10E9639-4DEC-4E58-8101-59DB14D03D74}.Debug|Any CPU.Build.0 = Debug|Any CPU
		{B10E9639-4DEC-4E58-8101-59DB14D03D74}.Release|Any CPU.ActiveCfg = Release|Any CPU
		{B10E9639-4DEC-4E58-8101-59DB14D03D74}.Release|Any CPU.Build.0 = Release|Any CPU
	EndGlobalSection
	GlobalSection(SolutionProperties) = preSolution
		HideSolutionNode = FALSE
	EndGlobalSection
	GlobalSection(ExtensibilityGlobals) = postSolution
		SolutionGuid = {91FB250F-B396-4E76-9451-C1311BD75FA8}
	EndGlobalSection
EndGlobal
